# THIS IS AN AUTOGENERATED FILE. DO NOT EDIT THIS FILE DIRECTLY.
# yarn lockfile v1


aphrodite@2.3.1:
  version "2.3.1"
  resolved "https://registry.npm.taobao.org/aphrodite/download/aphrodite-2.3.1.tgz#376b9964c8742218fd10b8b82786f9d22e650e41"
  integrity sha1-N2uZZMh0Ihj9ELi4J4b50i5lDkE=
  dependencies:
    asap "^2.0.3"
    inline-style-prefixer "^5.0.4"
    string-hash "^1.1.3"

asap@^2.0.3:
  version "2.0.6"
  resolved "https://registry.npm.taobao.org/asap/download/asap-2.0.6.tgz#e50347611d7e690943208bbdafebcbc2fb866d46"
  integrity sha1-5QNHYR1+aQlDIIu9r+vLwvuGbUY=

bigscreen@2.0.5:
  version "2.0.5"
  resolved "https://registry.npm.taobao.org/bigscreen/download/bigscreen-2.0.5.tgz#1d64953a1ee9d05f8eec520973cbd2e15567a65e"
  integrity sha1-HWSVOh7p0F+O7FIJc8vS4VVnpl4=

css-in-js-utils@^2.0.0:
  version "2.0.1"
  resolved "https://registry.npm.taobao.org/css-in-js-utils/download/css-in-js-utils-2.0.1.tgz?cache=0&sync_timestamp=1574172059110&other_urls=https%3A%2F%2Fregistry.npm.taobao.org%2Fcss-in-js-utils%2Fdownload%2Fcss-in-js-utils-2.0.1.tgz#3b472b398787291b47cfe3e44fecfdd9e914ba99"
  integrity sha1-O0crOYeHKRtHz+PkT+z92ekUupk=
  dependencies:
    hyphenate-style-name "^1.0.2"
    isobject "^3.0.1"

decode-uri-component@^0.2.0:
  version "0.2.0"
  resolved "https://registry.npm.taobao.org/decode-uri-component/download/decode-uri-component-0.2.0.tgz#eb3913333458775cb84cd1a1fae062106bb87545"
  integrity sha1-6zkTMzRYd1y4TNGh+uBiEGu4dUU=

element-resize-event@^3.0.3:
  version "3.0.3"
  resolved "https://registry.npm.taobao.org/element-resize-event/download/element-resize-event-3.0.3.tgz#3f59facef6b8f23fbd678a5f364ee5723af98a2a"
  integrity sha1-P1n6zva48j+9Z4pfNk7lcjr5iio=

eventemitter3@^3.1.0:
  version "3.1.2"
  resolved "https://registry.npm.taobao.org/eventemitter3/download/eventemitter3-3.1.2.tgz?cache=0&sync_timestamp=1589283150629&other_urls=https%3A%2F%2Fregistry.npm.taobao.org%2Feventemitter3%2Fdownload%2Feventemitter3-3.1.2.tgz#2d3d48f9c346698fce83a85d7d664e98535df6e7"
  integrity sha1-LT1I+cNGaY/Og6hdfWZOmFNd9uc=

griffith-hls@^1.4.4:
  version "1.4.4"
  resolved "https://registry.npm.taobao.org/griffith-hls/download/griffith-hls-1.4.4.tgz#2a8958ee8681de4b45efaf2bd0c045dc9e50e533"
  integrity sha1-KolY7oaB3ktF768r0MBF3J5Q5TM=
  dependencies:
    hls.js "0.7.11"

griffith-message@^1.4.4:
  version "1.4.4"
  resolved "https://registry.npm.taobao.org/griffith-message/download/griffith-message-1.4.4.tgz#ec20bc7487e7472d9a0d989e422386d16535ad24"
  integrity sha1-7CC8dIfnRy2aDZieQiOG0WU1rSQ=

griffith-mp4@^1.5.3:
  version "1.5.3"
  resolved "https://registry.npm.taobao.org/griffith-mp4/download/griffith-mp4-1.5.3.tgz#c721002a73c9f0afde3d904f47414409714b0efa"
  integrity sha1-xyEAKnPJ8K/ePZBPR0FECXFLDvo=
  dependencies:
    griffith-utils "^1.4.4"
    lodash "^4.17.15"

griffith-utils@^1.4.4:
  version "1.4.4"
  resolved "https://registry.npm.taobao.org/griffith-utils/download/griffith-utils-1.4.4.tgz#b9efcf88b5ac39bfa94567132883bf38b1376138"
  integrity sha1-ue/PiLWsOb+pRWcTKIO/OLE3YTg=

griffith@^1.5.3:
  version "1.5.3"
  resolved "https://registry.npm.taobao.org/griffith/download/griffith-1.5.3.tgz#c2e247e1b43a3f3fa94ed432f4f7b01432fdd868"
  integrity sha1-wuJH4bQ6Pz+pTtQy9PewFDL92Gg=
  dependencies:
    aphrodite "2.3.1"
    element-resize-event "^3.0.3"
    eventemitter3 "^3.1.0"
    griffith-hls "^1.4.4"
    griffith-message "^1.4.4"
    griffith-mp4 "^1.5.3"
    griffith-utils "^1.4.4"
    isomorphic-bigscreen "2.0.5"
    lodash "^4.17.15"
    prop-types "^15.7.2"
    query-string "^6.4.2"

hls.js@0.7.11:
  version "0.7.11"
  resolved "https://registry.npm.taobao.org/hls.js/download/hls.js-0.7.11.tgz#e8448be35a2435bad24b8b93d9e7f9c05659bb28"
  integrity sha1-6ESL41okNbrSS4uT2ef5wFZZuyg=

hyphenate-style-name@^1.0.2:
  version "1.0.3"
  resolved "https://registry.npm.taobao.org/hyphenate-style-name/download/hyphenate-style-name-1.0.3.tgz#097bb7fa0b8f1a9cf0bd5c734cf95899981a9b48"
  integrity sha1-CXu3+guPGpzwvVxzTPlYmZgam0g=

inline-style-prefixer@^5.0.4:
  version "5.1.2"
  resolved "https://registry.npm.taobao.org/inline-style-prefixer/download/inline-style-prefixer-5.1.2.tgz#e5a5a3515e25600e016b71e39138971228486c33"
  integrity sha1-5aWjUV4lYA4Ba3HjkTiXEihIbDM=
  dependencies:
    css-in-js-utils "^2.0.0"

isobject@^3.0.1:
  version "3.0.1"
  resolved "https://registry.npm.taobao.org/isobject/download/isobject-3.0.1.tgz#4e431e92b11a9731636aa1f9c8d1ccbcfdab78df"
  integrity sha1-TkMekrEalzFjaqH5yNHMvP2reN8=

isomorphic-bigscreen@2.0.5:
  version "2.0.5"
  resolved "https://registry.npm.taobao.org/isomorphic-bigscreen/download/isomorphic-bigscreen-2.0.5.tgz#4e842a761759307df5dedbef0c442e32bbd3474f"
  integrity sha1-ToQqdhdZMH313tvvDEQuMrvTR08=
  dependencies:
    bigscreen "2.0.5"

"js-tokens@^3.0.0 || ^4.0.0":
  version "4.0.0"
  resolved "https://registry.npm.taobao.org/js-tokens/download/js-tokens-4.0.0.tgz#19203fb59991df98e3a287050d4647cdeaf32499"
  integrity sha1-GSA/tZmR35jjoocFDUZHzerzJJk=

lodash@^4.17.15:
  version "4.17.15"
  resolved "https://registry.npm.taobao.org/lodash/download/lodash-4.17.15.tgz#b447f6670a0455bbfeedd11392eff330ea097548"
  integrity sha1-tEf2ZwoEVbv+7dETku/zMOoJdUg=

loose-envify@^1.4.0:
  version "1.4.0"
  resolved "https://registry.npm.taobao.org/loose-envify/download/loose-envify-1.4.0.tgz#71ee51fa7be4caec1a63839f7e682d8132d30caf"
  integrity sha1-ce5R+nvkyuwaY4OffmgtgTLTDK8=
  dependencies:
    js-tokens "^3.0.0 || ^4.0.0"

object-assign@^4.1.1:
  version "4.1.1"
  resolved "https://registry.npm.taobao.org/object-assign/download/object-assign-4.1.1.tgz?cache=0&other_urls=https%3A%2F%2Fregistry.npm.taobao.org%2Fobject-assign%2Fdownload%2Fobject-assign-4.1.1.tgz#2109adc7965887cfc05cbbd442cac8bfbb360863"
  integrity sha1-IQmtx5ZYh8/AXLvUQsrIv7s2CGM=

prop-types@^15.7.2:
  version "15.7.2"
  resolved "https://registry.npm.taobao.org/prop-types/download/prop-types-15.7.2.tgz#52c41e75b8c87e72b9d9360e0206b99dcbffa6c5"
  integrity sha1-UsQedbjIfnK52TYOAga5ncv/psU=
  dependencies:
    loose-envify "^1.4.0"
    object-assign "^4.1.1"
    react-is "^16.8.1"

query-string@^6.4.2:
  version "6.13.0"
  resolved "https://registry.npm.taobao.org/query-string/download/query-string-6.13.0.tgz?cache=0&sync_timestamp=1591426063576&other_urls=https%3A%2F%2Fregistry.npm.taobao.org%2Fquery-string%2Fdownload%2Fquery-string-6.13.0.tgz#8d875f66581c854d7480ac79478abb847de742f6"
  integrity sha1-jYdfZlgchU10gKx5R4q7hH3nQvY=
  dependencies:
    decode-uri-component "^0.2.0"
    split-on-first "^1.0.0"
    strict-uri-encode "^2.0.0"

react-is@^16.8.1:
  version "16.13.1"
  resolved "https://registry.npm.taobao.org/react-is/download/react-is-16.13.1.tgz#789729a4dc36de2999dc156dd6c1d9c18cea56a4"
  integrity sha1-eJcppNw23imZ3BVt1sHZwYzqVqQ=

split-on-first@^1.0.0:
  version "1.1.0"
  resolved "https://registry.npm.taobao.org/split-on-first/download/split-on-first-1.1.0.tgz#f610afeee3b12bce1d0c30425e76398b78249a5f"
  integrity sha1-9hCv7uOxK84dDDBCXnY5i3gkml8=

strict-uri-encode@^2.0.0:
  version "2.0.0"
  resolved "https://registry.npm.taobao.org/strict-uri-encode/download/strict-uri-encode-2.0.0.tgz#b9c7330c7042862f6b142dc274bbcc5866ce3546"
  integrity sha1-ucczDHBChi9rFC3CdLvMWGbONUY=

string-hash@^1.1.3:
  version "1.1.3"
  resolved "https://registry.npm.taobao.org/string-hash/download/string-hash-1.1.3.tgz#e8aafc0ac1855b4666929ed7dd1275df5d6c811b"
  integrity sha1-6Kr8CsGFW0Zmkp7X3RJ1311sgRs=
